
Microsoft Visual Studio Solution File, Format Version 12.00
# Visual Studio 15
VisualStudioVersion = 15.0.27703.2042
MinimumVisualStudioVersion = 10.0.40219.1
Project("{FAE04EC0-301F-11D3-BF4B-00C04F79EFBC}") = "App01_ConsultarCEP.Android", "App01_ConsultarCEP\App01_ConsultarCEP.Android\App01_ConsultarCEP.Android.csproj", "{41AAA8F0-49CF-4B4A-9D06-E0678E9E03F6}"
EndProject
Project("{FAE04EC0-301F-11D3-BF4B-00C04F79EFBC}") = "App01_ConsultarCEP.iOS", "App01_ConsultarCEP\App01_ConsultarCEP.iOS\App01_ConsultarCEP.iOS.csproj", "{D79BBB08-C179-4DA2-A755-8738BBA0B09D}"
EndProject
Project("{FAE04EC0-301F-11D3-BF4B-00C04F79EFBC}") = "App01_ConsultarCEP.UWP", "App01_ConsultarCEP\App01_ConsultarCEP.UWP\App01_ConsultarCEP.UWP.csproj", "{21D4E4B7-4530-4DAB-A1D2-48D5C0B14112}"
EndProject
Project("{FAE04EC0-301F-11D3-BF4B-00C04F79EFBC}") = "App01_ConsultarCEP", "App01_ConsultarCEP\App01_ConsultarCEP\App01_ConsultarCEP.csproj", "{3BF3F3D8-2E8A-4B1B-ACDC-CE3C5CB6BAA6}"
EndProject
Global
	GlobalSection(SolutionConfigurationPlatforms) = preSolution
		Ad-Hoc|Any CPU = Ad-Hoc|Any CPU
		Ad-Hoc|ARM = Ad-Hoc|ARM
		Ad-Hoc|iPhone = Ad-Hoc|iPhone
		Ad-Hoc|iPhoneSimulator = Ad-Hoc|iPhoneSimulator
		Ad-Hoc|x64 = Ad-Hoc|x64
		Ad-Hoc|x86 = Ad-Hoc|x86
		AppStore|Any CPU = AppStore|Any CPU
		AppStore|ARM = AppStore|ARM
		AppStore|iPhone = AppStore|iPhone
		AppStore|iPhoneSimulator = AppStore|iPhoneSimulator
		AppStore|x64 = AppStore|x64
		AppStore|x86 = AppStore|x86
		Debug|Any CPU = Debug|Any CPU
		Debug|ARM = Debug|ARM
		Debug|iPhone = Debug|iPhone
		Debug|iPhoneSimulator = Debug|iPhoneSimulator
		Debug|x64 = Debug|x64
		Debug|x86 = Debug|x86
		Release|Any CPU = Release|Any CPU
		Release|ARM = Release|ARM
		Release|iPhone = Release|iPhone
		Release|iPhoneSimulator = Release|iPhoneSimulator
		Release|x64 = Release|x64
		Release|x86 = Release|x86
	EndGlobalSection
	GlobalSection(ProjectConfigurationPlatforms) = postSolution
		{41AAA8F0-49CF-4B4A-9D06-E0678E9E03F6}.Ad-Hoc|Any CPU.ActiveCfg = Release|Any CPU
		{41AAA8F0-49CF-4B4A-9D06-E0678E9E03F6}.Ad-Hoc|Any CPU.Build.0 = Release|Any CPU
		{41AAA8F0-49CF-4B4A-9D06-E0678E9E03F6}.Ad-Hoc|Any CPU.Deploy.0 = Release|Any CPU
		{41AAA8F0-49CF-4B4A-9D06-E0678E9E03F6}.Ad-Hoc|ARM.ActiveCfg = Release|Any CPU
		{41AAA8F0-49CF-4B4A-9D06-E0678E9E03F6}.Ad-Hoc|ARM.Build.0 = Release|Any CPU
		{41AAA8F0-49CF-4B4A-9D06-E0678E9E03F6}.Ad-Hoc|ARM.Deploy.0 = Release|Any CPU
		{41AAA8F0-49CF-4B4A-9D06-E0678E9E03F6}.Ad-Hoc|iPhone.ActiveCfg = Release|Any CPU
		{41AAA8F0-49CF-4B4A-9D06-E0678E9E03F6}.Ad-Hoc|iPhone.Build.0 = Release|Any CPU
		{41AAA8F0-49CF-4B4A-9D06-E0678E9E03F6}.Ad-Hoc|iPhone.Deploy.0 = Release|Any CPU
		{41AAA8F0-49CF-4B4A-9D06-E0678E9E03F6}.Ad-Hoc|iPhoneSimulator.ActiveCfg = Release|Any CPU
		{41AAA8F0-49CF-4B4A-9D06-E0678E9E03F6}.Ad-Hoc|iPhoneSimulator.Build.0 = Release|Any CPU
		{41AAA8F0-49CF-4B4A-9D06-E0678E9E03F6}.Ad-Hoc|iPhoneSimulator.Deploy.0 = Release|Any CPU
		{41AAA8F0-49CF-4B4A-9D06-E0678E9E03F6}.Ad-Hoc|x64.ActiveCfg = Release|Any CPU
		{41AAA8F0-49CF-4B4A-9D06-E0678E9E03F6}.Ad-Hoc|x64.Build.0 = Release|Any CPU
		{41AAA8F0-49CF-4B4A-9D06-E0678E9E03F6}.Ad-Hoc|x64.Deploy.0 = Release|Any CPU
		{41AAA8F0-49CF-4B4A-9D06-E0678E9E03F6}.Ad-Hoc|x86.ActiveCfg = Release|Any CPU
		{41AAA8F0-49CF-4B4A-9D06-E0678E9E03F6}.Ad-Hoc|x86.Build.0 = Release|Any CPU
		{41AAA8F0-49CF-4B4A-9D06-E0678E9E03F6}.Ad-Hoc|x86.Deploy.0 = Release|Any CPU
		{41AAA8F0-49CF-4B4A-9D06-E0678E9E03F6}.AppStore|Any CPU.ActiveCfg = Release|Any CPU
		{41AAA8F0-49CF-4B4A-9D06-E0678E9E03F6}.AppStore|Any CPU.Build.0 = Release|Any CPU
		{41AAA8F0-49CF-4B4A-9D06-E0678E9E03F6}.AppStore|Any CPU.Deploy.0 = Release|Any CPU
		{41AAA8F0-49CF-4B4A-9D06-E0678E9E03F6}.AppStore|ARM.ActiveCfg = Release|Any CPU
		{41AAA8F0-49CF-4B4A-9D06-E0678E9E03F6}.AppStore|ARM.Build.0 = Release|Any CPU
		{41AAA8F0-49CF-4B4A-9D06-E0678E9E03F6}.AppStore|ARM.Deploy.0 = Release|Any CPU
		{41AAA8F0-49CF-4B4A-9D06-E0678E9E03F6}.AppStore|iPhone.ActiveCfg = Release|Any CPU
		{41AAA8F0-49CF-4B4A-9D06-E0678E9E03F6}.AppStore|iPhone.Build.0 = Release|Any CPU
		{41AAA8F0-49CF-4B4A-9D06-E0678E9E03F6}.AppStore|iPhone.Deploy.0 = Release|Any CPU
		{41AAA8F0-49CF-4B4A-9D06-E0678E9E03F6}.AppStore|iPhoneSimulator.ActiveCfg = Release|Any CPU
		{41AAA8F0-49CF-4B4A-9D06-E0678E9E03F6}.AppStore|iPhoneSimulator.Build.0 = Release|Any CPU
		{41AAA8F0-49CF-4B4A-9D06-E0678E9E03F6}.AppStore|iPhoneSimulator.Deploy.0 = Release|Any CPU
		{41AAA8F0-49CF-4B4A-9D06-E0678E9E03F6}.AppStore|x64.ActiveCfg = Release|Any CPU
		{41AAA8F0-49CF-4B4A-9D06-E0678E9E03F6}.AppStore|x64.Build.0 = Release|Any CPU
		{41AAA8F0-49CF-4B4A-9D06-E0678E9E03F6}.AppStore|x64.Deploy.0 = Release|Any CPU
		{41AAA8F0-49CF-4B4A-9D06-E0678E9E03F6}.AppStore|x86.ActiveCfg = Release|Any CPU
		{41AAA8F0-49CF-4B4A-9D06-E0678E9E03F6}.AppStore|x86.Build.0 = Release|Any CPU
		{41AAA8F0-49CF-4B4A-9D06-E0678E9E03F6}.AppStore|x86.Deploy.0 = Release|Any CPU
		{41AAA8F0-49CF-4B4A-9D06-E0678E9E03F6}.Debug|Any CPU.ActiveCfg = Debug|Any CPU
		{41AAA8F0-49CF-4B4A-9D06-E0678E9E03F6}.Debug|Any CPU.Build.0 = Debug|Any CPU
		{41AAA8F0-49CF-4B4A-9D06-E0678E9E03F6}.Debug|Any CPU.Deploy.0 = Debug|Any CPU
		{41AAA8F0-49CF-4B4A-9D06-E0678E9E03F6}.Debug|ARM.ActiveCfg = Debug|Any CPU
		{41AAA8F0-49CF-4B4A-9D06-E0678E9E03F6}.Debug|ARM.Build.0 = Debug|Any CPU
		{41AAA8F0-49CF-4B4A-9D06-E0678E9E03F6}.Debug|ARM.Deploy.0 = Debug|Any CPU
		{41AAA8F0-49CF-4B4A-9D06-E0678E9E03F6}.Debug|iPhone.ActiveCfg = Debug|Any CPU
		{41AAA8F0-49CF-4B4A-9D06-E0678E9E03F6}.Debug|iPhone.Build.0 = Debug|Any CPU
		{41AAA8F0-49CF-4B4A-9D06-E0678E9E03F6}.Debug|iPhone.Deploy.0 = Debug|Any CPU
		{41AAA8F0-49CF-4B4A-9D06-E0678E9E03F6}.Debug|iPhoneSimulator.ActiveCfg = Debug|Any CPU
		{41AAA8F0-49CF-4B4A-9D06-E0678E9E03F6}.Debug|iPhoneSimulator.Build.0 = Debug|Any CPU
		{41AAA8F0-49CF-4B4A-9D06-E0678E9E03F6}.Debug|iPhoneSimulator.Deploy.0 = Debug|Any CPU
		{41AAA8F0-49CF-4B4A-9D06-E0678E9E03F6}.Debug|x64.ActiveCfg = Debug|Any CPU
		{41AAA8F0-49CF-4B4A-9D06-E0678E9E03F6}.Debug|x64.Build.0 = Debug|Any CPU
		{41AAA8F0-49CF-4B4A-9D06-E0678E9E03F6}.Debug|x64.Deploy.0 = Debug|Any CPU
		{41AAA8F0-49CF-4B4A-9D06-E0678E9E03F6}.Debug|x86.ActiveCfg = Debug|Any CPU
		{41AAA8F0-49CF-4B4A-9D06-E0678E9E03F6}.Debug|x86.Build.0 = Debug|Any CPU
		{41AAA8F0-49CF-4B4A-9D06-E0678E9E03F6}.Debug|x86.Deploy.0 = Debug|Any CPU
		{41AAA8F0-49CF-4B4A-9D06-E0678E9E03F6}.Release|Any CPU.ActiveCfg = Release|Any CPU
		{41AAA8F0-49CF-4B4A-9D06-E0678E9E03F6}.Release|Any CPU.Build.0 = Release|Any CPU
		{41AAA8F0-49CF-4B4A-9D06-E0678E9E03F6}.Release|Any CPU.Deploy.0 = Release|Any CPU
		{41AAA8F0-49CF-4B4A-9D06-E0678E9E03F6}.Release|ARM.ActiveCfg = Release|Any CPU
		{41AAA8F0-49CF-4B4A-9D06-E0678E9E03F6}.Release|ARM.Build.0 = Release|Any CPU
		{41AAA8F0-49CF-4B4A-9D06-E0678E9E03F6}.Release|ARM.Deploy.0 = Release|Any CPU
		{41AAA8F0-49CF-4B4A-9D06-E0678E9E03F6}.Release|iPhone.ActiveCfg = Release|Any CPU
		{41AAA8F0-49CF-4B4A-9D06-E0678E9E03F6}.Release|iPhone.Build.0 = Release|Any CPU
		{41AAA8F0-49CF-4B4A-9D06-E0678E9E03F6}.Release|iPhone.Deploy.0 = Release|Any CPU
		{41AAA8F0-49CF-4B4A-9D06-E0678E9E03F6}.Release|iPhoneSimulator.ActiveCfg = Release|Any CPU
		{41AAA8F0-49CF-4B4A-9D06-E0678E9E03F6}.Release|iPhoneSimulator.Build.0 = Release|Any CPU
		{41AAA8F0-49CF-4B4A-9D06-E0678E9E03F6}.Release|iPhoneSimulator.Deploy.0 = Release|Any CPU
		{41AAA8F0-49CF-4B4A-9D06-E0678E9E03F6}.Release|x64.ActiveCfg = Release|Any CPU
		{41AAA8F0-49CF-4B4A-9D06-E0678E9E03F6}.Release|x64.Build.0 = Release|Any CPU
		{41AAA8F0-49CF-4B4A-9D06-E0678E9E03F6}.Release|x64.Deploy.0 = Release|Any CPU
		{41AAA8F0-49CF-4B4A-9D06-E0678E9E03F6}.Release|x86.ActiveCfg = Release|Any CPU
		{41AAA8F0-49CF-4B4A-9D06-E0678E9E03F6}.Release|x86.Build.0 = Release|Any CPU
		{41AAA8F0-49CF-4B4A-9D06-E0678E9E03F6}.Release|x86.Deploy.0 = Release|Any CPU
		{D79BBB08-C179-4DA2-A755-8738BBA0B09D}.Ad-Hoc|Any CPU.ActiveCfg = Ad-Hoc|iPhone
		{D79BBB08-C179-4DA2-A755-8738BBA0B09D}.Ad-Hoc|Any CPU.Build.0 = Ad-Hoc|iPhone
		{D79BBB08-C179-4DA2-A755-8738BBA0B09D}.Ad-Hoc|Any CPU.Deploy.0 = Ad-Hoc|iPhone
		{D79BBB08-C179-4DA2-A755-8738BBA0B09D}.Ad-Hoc|ARM.ActiveCfg = Ad-Hoc|iPhone
		{D79BBB08-C179-4DA2-A755-8738BBA0B09D}.Ad-Hoc|ARM.Build.0 = Ad-Hoc|iPhone
		{D79BBB08-C179-4DA2-A755-8738BBA0B09D}.Ad-Hoc|ARM.Deploy.0 = Ad-Hoc|iPhone
		{D79BBB08-C179-4DA2-A755-8738BBA0B09D}.Ad-Hoc|iPhone.ActiveCfg = Ad-Hoc|iPhone
		{D79BBB08-C179-4DA2-A755-8738BBA0B09D}.Ad-Hoc|iPhone.Build.0 = Ad-Hoc|iPhone
		{D79BBB08-C179-4DA2-A755-8738BBA0B09D}.Ad-Hoc|iPhone.Deploy.0 = Ad-Hoc|iPhone
		{D79BBB08-C179-4DA2-A755-8738BBA0B09D}.Ad-Hoc|iPhoneSimulator.ActiveCfg = Ad-Hoc|iPhoneSimulator
		{D79BBB08-C179-4DA2-A755-8738BBA0B09D}.Ad-Hoc|iPhoneSimulator.Build.0 = Ad-Hoc|iPhoneSimulator
		{D79BBB08-C179-4DA2-A755-8738BBA0B09D}.Ad-Hoc|iPhoneSimulator.Deploy.0 = Ad-Hoc|iPhoneSimulator
		{D79BBB08-C179-4DA2-A755-8738BBA0B09D}.Ad-Hoc|x64.ActiveCfg = Ad-Hoc|iPhone
		{D79BBB08-C179-4DA2-A755-8738BBA0B09D}.Ad-Hoc|x64.Build.0 = Ad-Hoc|iPhone
		{D79BBB08-C179-4DA2-A755-8738BBA0B09D}.Ad-Hoc|x64.Deploy.0 = Ad-Hoc|iPhone
		{D79BBB08-C179-4DA2-A755-8738BBA0B09D}.Ad-Hoc|x86.ActiveCfg = Ad-Hoc|iPhone
		{D79BBB08-C179-4DA2-A755-8738BBA0B09D}.Ad-Hoc|x86.Build.0 = Ad-Hoc|iPhone
		{D79BBB08-C179-4DA2-A755-8738BBA0B09D}.Ad-Hoc|x86.Deploy.0 = Ad-Hoc|iPhone
		{D79BBB08-C179-4DA2-A755-8738BBA0B09D}.AppStore|Any CPU.ActiveCfg = AppStore|iPhone
		{D79BBB08-C179-4DA2-A755-8738BBA0B09D}.AppStore|Any CPU.Build.0 = AppStore|iPhone
		{D79BBB08-C179-4DA2-A755-8738BBA0B09D}.AppStore|Any CPU.Deploy.0 = AppStore|iPhone
		{D79BBB08-C179-4DA2-A755-8738BBA0B09D}.AppStore|ARM.ActiveCfg = AppStore|iPhone
		{D79BBB08-C179-4DA2-A755-8738BBA0B09D}.AppStore|ARM.Build.0 = AppStore|iPhone
		{D79BBB08-C179-4DA2-A755-8738BBA0B09D}.AppStore|ARM.Deploy.0 = AppStore|iPhone
		{D79BBB08-C179-4DA2-A755-8738BBA0B09D}.AppStore|iPhone.ActiveCfg = AppStore|iPhone
		{D79BBB08-C179-4DA2-A755-8738BBA0B09D}.AppStore|iPhone.Build.0 = AppStore|iPhone
		{D79BBB08-C179-4DA2-A755-8738BBA0B09D}.AppStore|iPhone.Deploy.0 = AppStore|iPhone
		{D79BBB08-C179-4DA2-A755-8738BBA0B09D}.AppStore|iPhoneSimulator.ActiveCfg = AppStore|iPhoneSimulator
		{D79BBB08-C179-4DA2-A755-8738BBA0B09D}.AppStore|iPhoneSimulator.Build.0 = AppStore|iPhoneSimulator
		{D79BBB08-C179-4DA2-A755-8738BBA0B09D}.AppStore|iPhoneSimulator.Deploy.0 = AppStore|iPhoneSimulator
		{D79BBB08-C179-4DA2-A755-8738BBA0B09D}.AppStore|x64.ActiveCfg = AppStore|iPhone
		{D79BBB08-C179-4DA2-A755-8738BBA0B09D}.AppStore|x64.Build.0 = AppStore|iPhone
		{D79BBB08-C179-4DA2-A755-8738BBA0B09D}.AppStore|x64.Deploy.0 = AppStore|iPhone
		{D79BBB08-C179-4DA2-A755-8738BBA0B09D}.AppStore|x86.ActiveCfg = AppStore|iPhone
		{D79BBB08-C179-4DA2-A755-8738BBA0B09D}.AppStore|x86.Build.0 = AppStore|iPhone
		{D79BBB08-C179-4DA2-A755-8738BBA0B09D}.AppStore|x86.Deploy.0 = AppStore|iPhone
		{D79BBB08-C179-4DA2-A755-8738BBA0B09D}.Debug|Any CPU.ActiveCfg = Debug|iPhoneSimulator
		{D79BBB08-C179-4DA2-A755-8738BBA0B09D}.Debug|Any CPU.Build.0 = Debug|iPhoneSimulator
		{D79BBB08-C179-4DA2-A755-8738BBA0B09D}.Debug|Any CPU.Deploy.0 = Debug|iPhoneSimulator
		{D79BBB08-C179-4DA2-A755-8738BBA0B09D}.Debug|ARM.ActiveCfg = Debug|iPhone
		{D79BBB08-C179-4DA2-A755-8738BBA0B09D}.Debug|ARM.Build.0 = Debug|iPhone
		{D79BBB08-C179-4DA2-A755-8738BBA0B09D}.Debug|ARM.Deploy.0 = Debug|iPhone
		{D79BBB08-C179-4DA2-A755-8738BBA0B09D}.Debug|iPhone.ActiveCfg = Debug|iPhone
		{D79BBB08-C179-4DA2-A755-8738BBA0B09D}.Debug|iPhone.Build.0 = Debug|iPhone
		{D79BBB08-C179-4DA2-A755-8738BBA0B09D}.Debug|iPhone.Deploy.0 = Debug|iPhone
		{D79BBB08-C179-4DA2-A755-8738BBA0B09D}.Debug|iPhoneSimulator.ActiveCfg = Debug|iPhoneSimulator
		{D79BBB08-C179-4DA2-A755-8738BBA0B09D}.Debug|iPhoneSimulator.Build.0 = Debug|iPhoneSimulator
		{D79BBB08-C179-4DA2-A755-8738BBA0B09D}.Debug|iPhoneSimulator.Deploy.0 = Debug|iPhoneSimulator
		{D79BBB08-C179-4DA2-A755-8738BBA0B09D}.Debug|x64.ActiveCfg = Debug|iPhone
		{D79BBB08-C179-4DA2-A755-8738BBA0B09D}.Debug|x64.Build.0 = Debug|iPhone
		{D79BBB08-C179-4DA2-A755-8738BBA0B09D}.Debug|x64.Deploy.0 = Debug|iPhone
		{D79BBB08-C179-4DA2-A755-8738BBA0B09D}.Debug|x86.ActiveCfg = Debug|iPhone
		{D79BBB08-C179-4DA2-A755-8738BBA0B09D}.Debug|x86.Build.0 = Debug|iPhone
		{D79BBB08-C179-4DA2-A755-8738BBA0B09D}.Debug|x86.Deploy.0 = Debug|iPhone
		{D79BBB08-C179-4DA2-A755-8738BBA0B09D}.Release|Any CPU.ActiveCfg = Release|iPhone
		{D79BBB08-C179-4DA2-A755-8738BBA0B09D}.Release|Any CPU.Build.0 = Release|iPhone
		{D79BBB08-C179-4DA2-A755-8738BBA0B09D}.Release|Any CPU.Deploy.0 = Release|iPhone
		{D79BBB08-C179-4DA2-A755-8738BBA0B09D}.Release|ARM.ActiveCfg = Release|iPhone
		{D79BBB08-C179-4DA2-A755-8738BBA0B09D}.Release|ARM.Build.0 = Release|iPhone
		{D79BBB08-C179-4DA2-A755-8738BBA0B09D}.Release|ARM.Deploy.0 = Release|iPhone
		{D79BBB08-C179-4DA2-A755-8738BBA0B09D}.Release|iPhone.ActiveCfg = Release|iPhone
		{D79BBB08-C179-4DA2-A755-8738BBA0B09D}.Release|iPhone.Build.0 = Release|iPhone
		{D79BBB08-C179-4DA2-A755-8738BBA0B09D}.Release|iPhone.Deploy.0 = Release|iPhone
		{D79BBB08-C179-4DA2-A755-8738BBA0B09D}.Release|iPhoneSimulator.ActiveCfg = Release|iPhoneSimulator
		{D79BBB08-C179-4DA2-A755-8738BBA0B09D}.Release|iPhoneSimulator.Build.0 = Release|iPhoneSimulator
		{D79BBB08-C179-4DA2-A755-8738BBA0B09D}.Release|iPhoneSimulator.Deploy.0 = Release|iPhoneSimulator
		{D79BBB08-C179-4DA2-A755-8738BBA0B09D}.Release|x64.ActiveCfg = Release|iPhone
		{D79BBB08-C179-4DA2-A755-8738BBA0B09D}.Release|x64.Build.0 = Release|iPhone
		{D79BBB08-C179-4DA2-A755-8738BBA0B09D}.Release|x64.Deploy.0 = Release|iPhone
		{D79BBB08-C179-4DA2-A755-8738BBA0B09D}.Release|x86.ActiveCfg = Release|iPhone
		{D79BBB08-C179-4DA2-A755-8738BBA0B09D}.Release|x86.Build.0 = Release|iPhone
		{D79BBB08-C179-4DA2-A755-8738BBA0B09D}.Release|x86.Deploy.0 = Release|iPhone
		{21D4E4B7-4530-4DAB-A1D2-48D5C0B14112}.Ad-Hoc|Any CPU.ActiveCfg = Release|x86
		{21D4E4B7-4530-4DAB-A1D2-48D5C0B14112}.Ad-Hoc|Any CPU.Build.0 = Release|x86
		{21D4E4B7-4530-4DAB-A1D2-48D5C0B14112}.Ad-Hoc|Any CPU.Deploy.0 = Release|x86
		{21D4E4B7-4530-4DAB-A1D2-48D5C0B14112}.Ad-Hoc|ARM.ActiveCfg = Release|ARM
		{21D4E4B7-4530-4DAB-A1D2-48D5C0B14112}.Ad-Hoc|ARM.Build.0 = Release|ARM
		{21D4E4B7-4530-4DAB-A1D2-48D5C0B14112}.Ad-Hoc|ARM.Deploy.0 = Release|ARM
		{21D4E4B7-4530-4DAB-A1D2-48D5C0B14112}.Ad-Hoc|iPhone.ActiveCfg = Release|x86
		{21D4E4B7-4530-4DAB-A1D2-48D5C0B14112}.Ad-Hoc|iPhone.Build.0 = Release|x86
		{21D4E4B7-4530-4DAB-A1D2-48D5C0B14112}.Ad-Hoc|iPhone.Deploy.0 = Release|x86
		{21D4E4B7-4530-4DAB-A1D2-48D5C0B14112}.Ad-Hoc|iPhoneSimulator.ActiveCfg = Release|x86
		{21D4E4B7-4530-4DAB-A1D2-48D5C0B14112}.Ad-Hoc|iPhoneSimulator.Build.0 = Release|x86
		{21D4E4B7-4530-4DAB-A1D2-48D5C0B14112}.Ad-Hoc|iPhoneSimulator.Deploy.0 = Release|x86
		{21D4E4B7-4530-4DAB-A1D2-48D5C0B14112}.Ad-Hoc|x64.ActiveCfg = Release|x64
		{21D4E4B7-4530-4DAB-A1D2-48D5C0B14112}.Ad-Hoc|x64.Build.0 = Release|x64
		{21D4E4B7-4530-4DAB-A1D2-48D5C0B14112}.Ad-Hoc|x64.Deploy.0 = Release|x64
		{21D4E4B7-4530-4DAB-A1D2-48D5C0B14112}.Ad-Hoc|x86.ActiveCfg = Release|x86
		{21D4E4B7-4530-4DAB-A1D2-48D5C0B14112}.Ad-Hoc|x86.Build.0 = Release|x86
		{21D4E4B7-4530-4DAB-A1D2-48D5C0B14112}.Ad-Hoc|x86.Deploy.0 = Release|x86
		{21D4E4B7-4530-4DAB-A1D2-48D5C0B14112}.AppStore|Any CPU.ActiveCfg = Release|x86
		{21D4E4B7-4530-4DAB-A1D2-48D5C0B14112}.AppStore|Any CPU.Build.0 = Release|x86
		{21D4E4B7-4530-4DAB-A1D2-48D5C0B14112}.AppStore|Any CPU.Deploy.0 = Release|x86
		{21D4E4B7-4530-4DAB-A1D2-48D5C0B14112}.AppStore|ARM.ActiveCfg = Release|ARM
		{21D4E4B7-4530-4DAB-A1D2-48D5C0B14112}.AppStore|ARM.Build.0 = Release|ARM
		{21D4E4B7-4530-4DAB-A1D2-48D5C0B14112}.AppStore|ARM.Deploy.0 = Release|ARM
		{21D4E4B7-4530-4DAB-A1D2-48D5C0B14112}.AppStore|iPhone.ActiveCfg = Release|x86
		{21D4E4B7-4530-4DAB-A1D2-48D5C0B14112}.AppStore|iPhone.Build.0 = Release|x86
		{21D4E4B7-4530-4DAB-A1D2-48D5C0B14112}.AppStore|iPhone.Deploy.0 = Release|x86
		{21D4E4B7-4530-4DAB-A1D2-48D5C0B14112}.AppStore|iPhoneSimulator.ActiveCfg = Release|x86
		{21D4E4B7-4530-4DAB-A1D2-48D5C0B14112}.AppStore|iPhoneSimulator.Build.0 = Release|x86
		{21D4E4B7-4530-4DAB-A1D2-48D5C0B14112}.AppStore|iPhoneSimulator.Deploy.0 = Release|x86
		{21D4E4B7-4530-4DAB-A1D2-48D5C0B14112}.AppStore|x64.ActiveCfg = Release|x64
		{21D4E4B7-4530-4DAB-A1D2-48D5C0B14112}.AppStore|x64.Build.0 = Release|x64
		{21D4E4B7-4530-4DAB-A1D2-48D5C0B14112}.AppStore|x64.Deploy.0 = Release|x64
		{21D4E4B7-4530-4DAB-A1D2-48D5C0B14112}.AppStore|x86.ActiveCfg = Release|x86
		{21D4E4B7-4530-4DAB-A1D2-48D5C0B14112}.AppStore|x86.Build.0 = Release|x86
		{21D4E4B7-4530-4DAB-A1D2-48D5C0B14112}.AppStore|x86.Deploy.0 = Release|x86
		{21D4E4B7-4530-4DAB-A1D2-48D5C0B14112}.Debug|Any CPU.ActiveCfg = Debug|x86
		{21D4E4B7-4530-4DAB-A1D2-48D5C0B14112}.Debug|Any CPU.Build.0 = Debug|x86
		{21D4E4B7-4530-4DAB-A1D2-48D5C0B14112}.Debug|Any CPU.Deploy.0 = Debug|x86
		{21D4E4B7-4530-4DAB-A1D2-48D5C0B14112}.Debug|ARM.ActiveCfg = Debug|ARM
		{21D4E4B7-4530-4DAB-A1D2-48D5C0B14112}.Debug|ARM.Build.0 = Debug|ARM
		{21D4E4B7-4530-4DAB-A1D2-48D5C0B14112}.Debug|ARM.Deploy.0 = Debug|ARM
		{21D4E4B7-4530-4DAB-A1D2-48D5C0B14112}.Debug|iPhone.ActiveCfg = Debug|x86
		{21D4E4B7-4530-4DAB-A1D2-48D5C0B14112}.Debug|iPhone.Build.0 = Debug|x86
		{21D4E4B7-4530-4DAB-A1D2-48D5C0B14112}.Debug|iPhone.Deploy.0 = Debug|x86
		{21D4E4B7-4530-4DAB-A1D2-48D5C0B14112}.Debug|iPhoneSimulator.ActiveCfg = Debug|x86
		{21D4E4B7-4530-4DAB-A1D2-48D5C0B14112}.Debug|iPhoneSimulator.Build.0 = Debug|x86
		{21D4E4B7-4530-4DAB-A1D2-48D5C0B14112}.Debug|iPhoneSimulator.Deploy.0 = Debug|x86
		{21D4E4B7-4530-4DAB-A1D2-48D5C0B14112}.Debug|x64.ActiveCfg = Debug|x64
		{21D4E4B7-4530-4DAB-A1D2-48D5C0B14112}.Debug|x64.Build.0 = Debug|x64
		{21D4E4B7-4530-4DAB-A1D2-48D5C0B14112}.Debug|x64.Deploy.0 = Debug|x64
		{21D4E4B7-4530-4DAB-A1D2-48D5C0B14112}.Debug|x86.ActiveCfg = Debug|x86
		{21D4E4B7-4530-4DAB-A1D2-48D5C0B14112}.Debug|x86.Build.0 = Debug|x86
		{21D4E4B7-4530-4DAB-A1D2-48D5C0B14112}.Debug|x86.Deploy.0 = Debug|x86
		{21D4E4B7-4530-4DAB-A1D2-48D5C0B14112}.Release|Any CPU.ActiveCfg = Release|x86
		{21D4E4B7-4530-4DAB-A1D2-48D5C0B14112}.Release|Any CPU.Build.0 = Release|x86
		{21D4E4B7-4530-4DAB-A1D2-48D5C0B14112}.Release|Any CPU.Deploy.0 = Release|x86
		{21D4E4B7-4530-4DAB-A1D2-48D5C0B14112}.Release|ARM.ActiveCfg = Release|ARM
		{21D4E4B7-4530-4DAB-A1D2-48D5C0B14112}.Release|ARM.Build.0 = Release|ARM
		{21D4E4B7-4530-4DAB-A1D2-48D5C0B14112}.Release|ARM.Deploy.0 = Release|ARM
		{21D4E4B7-4530-4DAB-A1D2-48D5C0B14112}.Release|iPhone.ActiveCfg = Release|x86
		{21D4E4B7-4530-4DAB-A1D2-48D5C0B14112}.Release|iPhone.Build.0 = Release|x86
		{21D4E4B7-4530-4DAB-A1D2-48D5C0B14112}.Release|iPhone.Deploy.0 = Release|x86
		{21D4E4B7-4530-4DAB-A1D2-48D5C0B14112}.Release|iPhoneSimulator.ActiveCfg = Release|x86
		{21D4E4B7-4530-4DAB-A1D2-48D5C0B14112}.Release|iPhoneSimulator.Build.0 = Release|x86
		{21D4E4B7-4530-4DAB-A1D2-48D5C0B14112}.Release|iPhoneSimulator.Deploy.0 = Release|x86
		{21D4E4B7-4530-4DAB-A1D2-48D5C0B14112}.Release|x64.ActiveCfg = Release|x64
		{21D4E4B7-4530-4DAB-A1D2-48D5C0B14112}.Release|x64.Build.0 = Release|x64
		{21D4E4B7-4530-4DAB-A1D2-48D5C0B14112}.Release|x64.Deploy.0 = Release|x64
		{21D4E4B7-4530-4DAB-A1D2-48D5C0B14112}.Release|x86.ActiveCfg = Release|x86
		{21D4E4B7-4530-4DAB-A1D2-48D5C0B14112}.Release|x86.Build.0 = Release|x86
		{21D4E4B7-4530-4DAB-A1D2-48D5C0B14112}.Release|x86.Deploy.0 = Release|x86
		{3BF3F3D8-2E8A-4B1B-ACDC-CE3C5CB6BAA6}.Ad-Hoc|Any CPU.ActiveCfg = Debug|Any CPU
		{3BF3F3D8-2E8A-4B1B-ACDC-CE3C5CB6BAA6}.Ad-Hoc|Any CPU.Build.0 = Debug|Any CPU
		{3BF3F3D8-2E8A-4B1B-ACDC-CE3C5CB6BAA6}.Ad-Hoc|Any CPU.Deploy.0 = Debug|Any CPU
		{3BF3F3D8-2E8A-4B1B-ACDC-CE3C5CB6BAA6}.Ad-Hoc|ARM.ActiveCfg = Debug|Any CPU
		{3BF3F3D8-2E8A-4B1B-ACDC-CE3C5CB6BAA6}.Ad-Hoc|ARM.Build.0 = Debug|Any CPU
		{3BF3F3D8-2E8A-4B1B-ACDC-CE3C5CB6BAA6}.Ad-Hoc|ARM.Deploy.0 = Debug|Any CPU
		{3BF3F3D8-2E8A-4B1B-ACDC-CE3C5CB6BAA6}.Ad-Hoc|iPhone.ActiveCfg = Debug|Any CPU
		{3BF3F3D8-2E8A-4B1B-ACDC-CE3C5CB6BAA6}.Ad-Hoc|iPhone.Build.0 = Debug|Any CPU
		{3BF3F3D8-2E8A-4B1B-ACDC-CE3C5CB6BAA6}.Ad-Hoc|iPhone.Deploy.0 = Debug|Any CPU
		{3BF3F3D8-2E8A-4B1B-ACDC-CE3C5CB6BAA6}.Ad-Hoc|iPhoneSimulator.ActiveCfg = Debug|Any CPU
		{3BF3F3D8-2E8A-4B1B-ACDC-CE3C5CB6BAA6}.Ad-Hoc|iPhoneSimulator.Build.0 = Debug|Any CPU
		{3BF3F3D8-2E8A-4B1B-ACDC-CE3C5CB6BAA6}.Ad-Hoc|iPhoneSimulator.Deploy.0 = Debug|Any CPU
		{3BF3F3D8-2E8A-4B1B-ACDC-CE3C5CB6BAA6}.Ad-Hoc|x64.ActiveCfg = Debug|Any CPU
		{3BF3F3D8-2E8A-4B1B-ACDC-CE3C5CB6BAA6}.Ad-Hoc|x64.Build.0 = Debug|Any CPU
		{3BF3F3D8-2E8A-4B1B-ACDC-CE3C5CB6BAA6}.Ad-Hoc|x64.Deploy.0 = Debug|Any CPU
		{3BF3F3D8-2E8A-4B1B-ACDC-CE3C5CB6BAA6}.Ad-Hoc|x86.ActiveCfg = Debug|Any CPU
		{3BF3F3D8-2E8A-4B1B-ACDC-CE3C5CB6BAA6}.Ad-Hoc|x86.Build.0 = Debug|Any CPU
		{3BF3F3D8-2E8A-4B1B-ACDC-CE3C5CB6BAA6}.Ad-Hoc|x86.Deploy.0 = Debug|Any CPU
		{3BF3F3D8-2E8A-4B1B-ACDC-CE3C5CB6BAA6}.AppStore|Any CPU.ActiveCfg = Debug|Any CPU
		{3BF3F3D8-2E8A-4B1B-ACDC-CE3C5CB6BAA6}.AppStore|Any CPU.Build.0 = Debug|Any CPU
		{3BF3F3D8-2E8A-4B1B-ACDC-CE3C5CB6BAA6}.AppStore|Any CPU.Deploy.0 = Debug|Any CPU
		{3BF3F3D8-2E8A-4B1B-ACDC-CE3C5CB6BAA6}.AppStore|ARM.ActiveCfg = Debug|Any CPU
		{3BF3F3D8-2E8A-4B1B-ACDC-CE3C5CB6BAA6}.AppStore|ARM.Build.0 = Debug|Any CPU
		{3BF3F3D8-2E8A-4B1B-ACDC-CE3C5CB6BAA6}.AppStore|ARM.Deploy.0 = Debug|Any CPU
		{3BF3F3D8-2E8A-4B1B-ACDC-CE3C5CB6BAA6}.AppStore|iPhone.ActiveCfg = Debug|Any CPU
		{3BF3F3D8-2E8A-4B1B-ACDC-CE3C5CB6BAA6}.AppStore|iPhone.Build.0 = Debug|Any CPU
		{3BF3F3D8-2E8A-4B1B-ACDC-CE3C5CB6BAA6}.AppStore|iPhone.Deploy.0 = Debug|Any CPU
		{3BF3F3D8-2E8A-4B1B-ACDC-CE3C5CB6BAA6}.AppStore|iPhoneSimulator.ActiveCfg = Debug|Any CPU
		{3BF3F3D8-2E8A-4B1B-ACDC-CE3C5CB6BAA6}.AppStore|iPhoneSimulator.Build.0 = Debug|Any CPU
		{3BF3F3D8-2E8A-4B1B-ACDC-CE3C5CB6BAA6}.AppStore|iPhoneSimulator.Deploy.0 = Debug|Any CPU
		{3BF3F3D8-2E8A-4B1B-ACDC-CE3C5CB6BAA6}.AppStore|x64.ActiveCfg = Debug|Any CPU
		{3BF3F3D8-2E8A-4B1B-ACDC-CE3C5CB6BAA6}.AppStore|x64.Build.0 = Debug|Any CPU
		{3BF3F3D8-2E8A-4B1B-ACDC-CE3C5CB6BAA6}.AppStore|x64.Deploy.0 = Debug|Any CPU
		{3BF3F3D8-2E8A-4B1B-ACDC-CE3C5CB6BAA6}.AppStore|x86.ActiveCfg = Debug|Any CPU
		{3BF3F3D8-2E8A-4B1B-ACDC-CE3C5CB6BAA6}.AppStore|x86.Build.0 = Debug|Any CPU
		{3BF3F3D8-2E8A-4B1B-ACDC-CE3C5CB6BAA6}.AppStore|x86.Deploy.0 = Debug|Any CPU
		{3BF3F3D8-2E8A-4B1B-ACDC-CE3C5CB6BAA6}.Debug|Any CPU.ActiveCfg = Debug|Any CPU
		{3BF3F3D8-2E8A-4B1B-ACDC-CE3C5CB6BAA6}.Debug|Any CPU.Build.0 = Debug|Any CPU
		{3BF3F3D8-2E8A-4B1B-ACDC-CE3C5CB6BAA6}.Debug|Any CPU.Deploy.0 = Debug|Any CPU
		{3BF3F3D8-2E8A-4B1B-ACDC-CE3C5CB6BAA6}.Debug|ARM.ActiveCfg = Debug|Any CPU
		{3BF3F3D8-2E8A-4B1B-ACDC-CE3C5CB6BAA6}.Debug|ARM.Build.0 = Debug|Any CPU
		{3BF3F3D8-2E8A-4B1B-ACDC-CE3C5CB6BAA6}.Debug|ARM.Deploy.0 = Debug|Any CPU
		{3BF3F3D8-2E8A-4B1B-ACDC-CE3C5CB6BAA6}.Debug|iPhone.ActiveCfg = Debug|Any CPU
		{3BF3F3D8-2E8A-4B1B-ACDC-CE3C5CB6BAA6}.Debug|iPhone.Build.0 = Debug|Any CPU
		{3BF3F3D8-2E8A-4B1B-ACDC-CE3C5CB6BAA6}.Debug|iPhone.Deploy.0 = Debug|Any CPU
		{3BF3F3D8-2E8A-4B1B-ACDC-CE3C5CB6BAA6}.Debug|iPhoneSimulator.ActiveCfg = Debug|Any CPU
		{3BF3F3D8-2E8A-4B1B-ACDC-CE3C5CB6BAA6}.Debug|iPhoneSimulator.Build.0 = Debug|Any CPU
		{3BF3F3D8-2E8A-4B1B-ACDC-CE3C5CB6BAA6}.Debug|iPhoneSimulator.Deploy.0 = Debug|Any CPU
		{3BF3F3D8-2E8A-4B1B-ACDC-CE3C5CB6BAA6}.Debug|x64.ActiveCfg = Debug|Any CPU
		{3BF3F3D8-2E8A-4B1B-ACDC-CE3C5CB6BAA6}.Debug|x64.Build.0 = Debug|Any CPU
		{3BF3F3D8-2E8A-4B1B-ACDC-CE3C5CB6BAA6}.Debug|x64.Deploy.0 = Debug|Any CPU
		{3BF3F3D8-2E8A-4B1B-ACDC-CE3C5CB6BAA6}.Debug|x86.ActiveCfg = Debug|Any CPU
		{3BF3F3D8-2E8A-4B1B-ACDC-CE3C5CB6BAA6}.Debug|x86.Build.0 = Debug|Any CPU
		{3BF3F3D8-2E8A-4B1B-ACDC-CE3C5CB6BAA6}.Debug|x86.Deploy.0 = Debug|Any CPU
		{3BF3F3D8-2E8A-4B1B-ACDC-CE3C5CB6BAA6}.Release|Any CPU.ActiveCfg = Release|Any CPU
		{3BF3F3D8-2E8A-4B1B-ACDC-CE3C5CB6BAA6}.Release|Any CPU.Build.0 = Release|Any CPU
		{3BF3F3D8-2E8A-4B1B-ACDC-CE3C5CB6BAA6}.Release|Any CPU.Deploy.0 = Release|Any CPU
		{3BF3F3D8-2E8A-4B1B-ACDC-CE3C5CB6BAA6}.Release|ARM.ActiveCfg = Release|Any CPU
		{3BF3F3D8-2E8A-4B1B-ACDC-CE3C5CB6BAA6}.Release|ARM.Build.0 = Release|Any CPU
		{3BF3F3D8-2E8A-4B1B-ACDC-CE3C5CB6BAA6}.Release|ARM.Deploy.0 = Release|Any CPU
		{3BF3F3D8-2E8A-4B1B-ACDC-CE3C5CB6BAA6}.Release|iPhone.ActiveCfg = Release|Any CPU
		{3BF3F3D8-2E8A-4B1B-ACDC-CE3C5CB6BAA6}.Release|iPhone.Build.0 = Release|Any CPU
		{3BF3F3D8-2E8A-4B1B-ACDC-CE3C5CB6BAA6}.Release|iPhone.Deploy.0 = Release|Any CPU
		{3BF3F3D8-2E8A-4B1B-ACDC-CE3C5CB6BAA6}.Release|iPhoneSimulator.ActiveCfg = Release|Any CPU
		{3BF3F3D8-2E8A-4B1B-ACDC-CE3C5CB6BAA6}.Release|iPhoneSimulator.Build.0 = Release|Any CPU
		{3BF3F3D8-2E8A-4B1B-ACDC-CE3C5CB6BAA6}.Release|iPhoneSimulator.Deploy.0 = Release|Any CPU
		{3BF3F3D8-2E8A-4B1B-ACDC-CE3C5CB6BAA6}.Release|x64.ActiveCfg = Release|Any CPU
		{3BF3F3D8-2E8A-4B1B-ACDC-CE3C5CB6BAA6}.Release|x64.Build.0 = Release|Any CPU
		{3BF3F3D8-2E8A-4B1B-ACDC-CE3C5CB6BAA6}.Release|x64.Deploy.0 = Release|Any CPU
		{3BF3F3D8-2E8A-4B1B-ACDC-CE3C5CB6BAA6}.Release|x86.ActiveCfg = Release|Any CPU
		{3BF3F3D8-2E8A-4B1B-ACDC-CE3C5CB6BAA6}.Release|x86.Build.0 = Release|Any CPU
		{3BF3F3D8-2E8A-4B1B-ACDC-CE3C5CB6BAA6}.Release|x86.Deploy.0 = Release|Any CPU
	EndGlobalSection
	GlobalSection(SolutionProperties) = preSolution
		HideSolutionNode = FALSE
	EndGlobalSection
	GlobalSection(ExtensibilityGlobals) = postSolution
		SolutionGuid = {6D2747A3-0738-40C1-9461-7ED707DA2C3B}
	EndGlobalSection
EndGlobal
